{
  "name": "praytimes",
  "version": "1.0.0",
  "lockfileVersion": 2,
  "requires": true,
  "packages": {
    "": {
      "name": "praytimes",
      "version": "1.0.0",
      "license": "ISC",
      "dependencies": {
        "prayer-times.js": "^1.6.9"
      }
    },
    "node_modules/prayer-times.js": {
      "version": "1.6.9",
      "resolved": "https://registry.npmjs.org/prayer-times.js/-/prayer-times.js-1.6.9.tgz",
      "integrity": "sha512-VK+pqFj71FXnoSQZKrIpttdYp36rwziS49i3tLcMA0EkL36Uq/6PYO1I0vL9eY0Saz8V0FSUZtj+JR9KmsAayQ=="
    }
  },
  "dependencies": {
    "prayer-times.js": {
      "version": "1.6.9",
      "resolved": "https://registry.npmjs.org/prayer-times.js/-/prayer-times.js-1.6.9.tgz",
      "integrity": "sha512-VK+pqFj71FXnoSQZKrIpttdYp36rwziS49i3tLcMA0EkL36Uq/6PYO1I0vL9eY0Saz8V0FSUZtj+JR9KmsAayQ=="
    }
  }
}
